
Microsoft Visual Studio Solution File, Format Version 12.00
# Visual Studio 15
VisualStudioVersion = 15.0.28307.572
MinimumVisualStudioVersion = 10.0.40219.1
Project("{9A19103F-16F7-4668-BE54-9A1E7A4F7556}") = "CheeseIT", "CheeseIT\CheeseIT.csproj", "{38AC1DFD-B958-4FD5-BD89-9B7BFECBF1DB}"
EndProject
Global
	GlobalSection(SolutionConfigurationPlatforms) = preSolution
		Debug|Any CPU = Debug|Any CPU
		Release|Any CPU = Release|Any CPU
	EndGlobalSection
	GlobalSection(ProjectConfigurationPlatforms) = postSolution
		{38AC1DFD-B958-4FD5-BD89-9B7BFECBF1DB}.Debug|Any CPU.ActiveCfg = Debug|Any CPU
		{38AC1DFD-B958-4FD5-BD89-9B7BFECBF1DB}.Debug|Any CPU.Build.0 = Debug|Any CPU
		{38AC1DFD-B958-4FD5-BD89-9B7BFECBF1DB}.Release|Any CPU.ActiveCfg = Release|Any CPU
		{38AC1DFD-B958-4FD5-BD89-9B7BFECBF1DB}.Release|Any CPU.Build.0 = Release|Any CPU
		{3627FFA9-EC53-4E69-97C0-F17D76943AA7}.Debug|Any CPU.ActiveCfg = Debug|Any CPU
		{3627FFA9-EC53-4E69-97C0-F17D76943AA7}.Debug|Any CPU.Build.0 = Debug|Any CPU
		{3627FFA9-EC53-4E69-97C0-F17D76943AA7}.Release|Any CPU.ActiveCfg = Release|Any CPU
		{3627FFA9-EC53-4E69-97C0-F17D76943AA7}.Release|Any CPU.Build.0 = Release|Any CPU
	EndGlobalSection
	GlobalSection(SolutionProperties) = preSolution
		HideSolutionNode = FALSE
	EndGlobalSection
	GlobalSection(ExtensibilityGlobals) = postSolution
		SolutionGuid = {85E23275-C61E-421A-B6B9-B238F8222604}
	EndGlobalSection
EndGlobal
